which-pm@2.1.1:
  dependencies:
    load-yaml-file: 0.2.0
    path-exists: 4.0.0

which@2.0.2:
  dependencies:
    isexe: 2.0.0

widest-line@4.0.1:
  dependencies:
    string-width: 5.1.2

wrap-ansi@8.1.0:
  dependencies:
    ansi-styles: 6.2.1
    string-width: 5.1.2
    strip-ansi: 7.1.0

wrappy@1.0.2: {}

yallist@4.0.0: {}

yaml@2.3.4: {}

yargs-parser@21.1.1: {}

yocto-queue@1.0.0: {}

zod@3.22.4: {}

zwitch@2.0.4: {}
